
Microsoft Visual Studio Solution File, Format Version 12.00
# Visual Studio 15
VisualStudioVersion = 15.0.27004.2005
MinimumVisualStudioVersion = 10.0.40219.1
Project("{FAE04EC0-301F-11D3-BF4B-00C04F79EFBC}") = "Lab9", "Lab9\Lab9.csproj", "{B4CD8E5C-E72E-47E4-A985-D59926E74AB8}"
EndProject
Project("{2150E333-8FDC-42A3-9474-1A3956D46DE8}") = "Solution Items", "Solution Items", "{77881499-EE07-424D-B52D-5F52205F077B}"
	ProjectSection(SolutionItems) = preProject
		.gitignore = .gitignore
	EndProjectSection
EndProject
Global
	GlobalSection(SolutionConfigurationPlatforms) = preSolution
		Debug|Any CPU = Debug|Any CPU
		Release|Any CPU = Release|Any CPU
	EndGlobalSection
	GlobalSection(ProjectConfigurationPlatforms) = postSolution
		{B4CD8E5C-E72E-47E4-A985-D59926E74AB8}.Debug|Any CPU.ActiveCfg = Debug|Any CPU
		{B4CD8E5C-E72E-47E4-A985-D59926E74AB8}.Debug|Any CPU.Build.0 = Debug|Any CPU
		{B4CD8E5C-E72E-47E4-A985-D59926E74AB8}.Release|Any CPU.ActiveCfg = Release|Any CPU
		{B4CD8E5C-E72E-47E4-A985-D59926E74AB8}.Release|Any CPU.Build.0 = Release|Any CPU
	EndGlobalSection
	GlobalSection(SolutionProperties) = preSolution
		HideSolutionNode = FALSE
	EndGlobalSection
	GlobalSection(ExtensibilityGlobals) = postSolution
		SolutionGuid = {92E7960C-DC92-4744-B23B-0FADB9FC1E4D}
	EndGlobalSection
EndGlobal
